// !$*UTF8*$!
{
	archiveVersion = 1;
	classes = {
	};
	objectVersion = 56;
	objects = {

/* Begin PBXBuildFile section */
		42CD8B4E2C5CB30B0031846D /* MyAffirmationsTestApp.swift in Sources */ = {isa = PBXBuildFile; fileRef = 42CD8B4D2C5CB30B0031846D /* MyAffirmationsTestApp.swift */; };
		42CD8B522C5CB30D0031846D /* Assets.xcassets in Resources */ = {isa = PBXBuildFile; fileRef = 42CD8B512C5CB30D0031846D /* Assets.xcassets */; };
		42CD8B552C5CB30D0031846D /* Preview Assets.xcassets in Resources */ = {isa = PBXBuildFile; fileRef = 42CD8B542C5CB30D0031846D /* Preview Assets.xcassets */; };
		42CD8B5C2C5CB3480031846D /* MainView.swift in Sources */ = {isa = PBXBuildFile; fileRef = 42CD8B5B2C5CB3480031846D /* MainView.swift */; };
		42CD8B5E2C5CB3720031846D /* OnboardingStageView.swift in Sources */ = {isa = PBXBuildFile; fileRef = 42CD8B5D2C5CB3720031846D /* OnboardingStageView.swift */; };
		42CD8B602C5CB3CF0031846D /* CategoryView.swift in Sources */ = {isa = PBXBuildFile; fileRef = 42CD8B5F2C5CB3CF0031846D /* CategoryView.swift */; };
		42CD8B622C5CB3E90031846D /* ColorView.swift in Sources */ = {isa = PBXBuildFile; fileRef = 42CD8B612C5CB3E90031846D /* ColorView.swift */; };
		42CD8B642C5CB4050031846D /* GenderView.swift in Sources */ = {isa = PBXBuildFile; fileRef = 42CD8B632C5CB4050031846D /* GenderView.swift */; };
		42CD8B662C5CB4590031846D /* AffirmationsView.swift in Sources */ = {isa = PBXBuildFile; fileRef = 42CD8B652C5CB4590031846D /* AffirmationsView.swift */; };
		42CD8B702C5CB47A0031846D /* SettingsModel.swift in Sources */ = {isa = PBXBuildFile; fileRef = 42CD8B6B2C5CB47A0031846D /* SettingsModel.swift */; };
		42CD8B712C5CB47A0031846D /* Localization.swift in Sources */ = {isa = PBXBuildFile; fileRef = 42CD8B6C2C5CB47A0031846D /* Localization.swift */; };
		42CD8B7C2C5CD7540031846D /* SegmentPicker.Attribute.swift in Sources */ = {isa = PBXBuildFile; fileRef = 42CD8B792C5CD7540031846D /* SegmentPicker.Attribute.swift */; };
		42CD8B7D2C5CD7540031846D /* SegmentPicker.swift in Sources */ = {isa = PBXBuildFile; fileRef = 42CD8B7A2C5CD7540031846D /* SegmentPicker.swift */; };
		42CD8B7F2C5CD9610031846D /* SegmentPickerRepresentable.swift in Sources */ = {isa = PBXBuildFile; fileRef = 42CD8B7E2C5CD9610031846D /* SegmentPickerRepresentable.swift */; };
		42ECC9732C5E66DC00D30F1D /* AffirmationModel.swift in Sources */ = {isa = PBXBuildFile; fileRef = 42ECC9722C5E66DC00D30F1D /* AffirmationModel.swift */; };
		42ECC9782C5E67F000D30F1D /* NetworkService.swift in Sources */ = {isa = PBXBuildFile; fileRef = 42ECC9772C5E67F000D30F1D /* NetworkService.swift */; };
		42F23E382C5FF58200F4FBE4 /* AffirmationsViewModel.swift in Sources */ = {isa = PBXBuildFile; fileRef = 42F23E372C5FF58200F4FBE4 /* AffirmationsViewModel.swift */; };
		42F23E3B2C60A40100F4FBE4 /* Localizable.xcstrings in Resources */ = {isa = PBXBuildFile; fileRef = 42F23E3A2C60A40100F4FBE4 /* Localizable.xcstrings */; };
/* End PBXBuildFile section */

/* Begin PBXFileReference section */
		42CD8B4A2C5CB30B0031846D /* MyAffirmationsTest.app */ = {isa = PBXFileReference; explicitFileType = wrapper.application; includeInIndex = 0; path = MyAffirmationsTest.app; sourceTree = BUILT_PRODUCTS_DIR; };
		42CD8B4D2C5CB30B0031846D /* MyAffirmationsTestApp.swift */ = {isa = PBXFileReference; lastKnownFileType = sourcecode.swift; path = MyAffirmationsTestApp.swift; sourceTree = "<group>"; };
		42CD8B512C5CB30D0031846D /* Assets.xcassets */ = {isa = PBXFileReference; lastKnownFileType = folder.assetcatalog; path = Assets.xcassets; sourceTree = "<group>"; };
		42CD8B542C5CB30D0031846D /* Preview Assets.xcassets */ = {isa = PBXFileReference; lastKnownFileType = folder.assetcatalog; path = "Preview Assets.xcassets"; sourceTree = "<group>"; };
		42CD8B5B2C5CB3480031846D /* MainView.swift */ = {isa = PBXFileReference; lastKnownFileType = sourcecode.swift; path = MainView.swift; sourceTree = "<group>"; };
		42CD8B5D2C5CB3720031846D /* OnboardingStageView.swift */ = {isa = PBXFileReference; lastKnownFileType = sourcecode.swift; path = OnboardingStageView.swift; sourceTree = "<group>"; };
		42CD8B5F2C5CB3CF0031846D /* CategoryView.swift */ = {isa = PBXFileReference; lastKnownFileType = sourcecode.swift; path = CategoryView.swift; sourceTree = "<group>"; };
		42CD8B612C5CB3E90031846D /* ColorView.swift */ = {isa = PBXFileReference; lastKnownFileType = sourcecode.swift; path = ColorView.swift; sourceTree = "<group>"; };
		42CD8B632C5CB4050031846D /* GenderView.swift */ = {isa = PBXFileReference; lastKnownFileType = sourcecode.swift; path = GenderView.swift; sourceTree = "<group>"; };
		42CD8B652C5CB4590031846D /* AffirmationsView.swift */ = {isa = PBXFileReference; lastKnownFileType = sourcecode.swift; path = AffirmationsView.swift; sourceTree = "<group>"; };
		42CD8B6B2C5CB47A0031846D /* SettingsModel.swift */ = {isa = PBXFileReference; fileEncoding = 4; lastKnownFileType = sourcecode.swift; path = SettingsModel.swift; sourceTree = "<group>"; };
		42CD8B6C2C5CB47A0031846D /* Localization.swift */ = {isa = PBXFileReference; fileEncoding = 4; lastKnownFileType = sourcecode.swift; path = Localization.swift; sourceTree = "<group>"; };
		42CD8B792C5CD7540031846D /* SegmentPicker.Attribute.swift */ = {isa = PBXFileReference; fileEncoding = 4; lastKnownFileType = sourcecode.swift; path = SegmentPicker.Attribute.swift; sourceTree = "<group>"; };
		42CD8B7A2C5CD7540031846D /* SegmentPicker.swift */ = {isa = PBXFileReference; fileEncoding = 4; lastKnownFileType = sourcecode.swift; path = SegmentPicker.swift; sourceTree = "<group>"; };
		42CD8B7E2C5CD9610031846D /* SegmentPickerRepresentable.swift */ = {isa = PBXFileReference; lastKnownFileType = sourcecode.swift; path = SegmentPickerRepresentable.swift; sourceTree = "<group>"; };
		42ECC9722C5E66DC00D30F1D /* AffirmationModel.swift */ = {isa = PBXFileReference; lastKnownFileType = sourcecode.swift; path = AffirmationModel.swift; sourceTree = "<group>"; };
		42ECC9772C5E67F000D30F1D /* NetworkService.swift */ = {isa = PBXFileReference; fileEncoding = 4; lastKnownFileType = sourcecode.swift; path = NetworkService.swift; sourceTree = "<group>"; };
		42F23E372C5FF58200F4FBE4 /* AffirmationsViewModel.swift */ = {isa = PBXFileReference; lastKnownFileType = sourcecode.swift; path = AffirmationsViewModel.swift; sourceTree = "<group>"; };
		42F23E3A2C60A40100F4FBE4 /* Localizable.xcstrings */ = {isa = PBXFileReference; lastKnownFileType = text.json.xcstrings; name = Localizable.xcstrings; path = MyAffirmationsTest/Services/Localization/Localizable.xcstrings; sourceTree = SOURCE_ROOT; };
/* End PBXFileReference section */

/* Begin PBXFrameworksBuildPhase section */
		42CD8B472C5CB30B0031846D /* Frameworks */ = {
			isa = PBXFrameworksBuildPhase;
			buildActionMask = 2147483647;
			files = (
			);
			runOnlyForDeploymentPostprocessing = 0;
		};
/* End PBXFrameworksBuildPhase section */

/* Begin PBXGroup section */
		42CD8B412C5CB30B0031846D = {
			isa = PBXGroup;
			children = (
				42CD8B4C2C5CB30B0031846D /* MyAffirmationsTest */,
				42CD8B4B2C5CB30B0031846D /* Products */,
			);
			sourceTree = "<group>";
		};
		42CD8B4B2C5CB30B0031846D /* Products */ = {
			isa = PBXGroup;
			children = (
				42CD8B4A2C5CB30B0031846D /* MyAffirmationsTest.app */,
			);
			name = Products;
			sourceTree = "<group>";
		};
		42CD8B4C2C5CB30B0031846D /* MyAffirmationsTest */ = {
			isa = PBXGroup;
			children = (
				42CD8B4D2C5CB30B0031846D /* MyAffirmationsTestApp.swift */,
				42ECC96A2C5E628D00D30F1D /* MainScreen */,
				42ECC9692C5E5F0100D30F1D /* OnboardingScreen */,
				42ECC97D2C5FB13100D30F1D /* CustomComponents */,
				42ECC9712C5E662E00D30F1D /* Services */,
				42F23E3C2C60A5D600F4FBE4 /* Localization */,
				42CD8B512C5CB30D0031846D /* Assets.xcassets */,
				42CD8B532C5CB30D0031846D /* Preview Content */,
			);
			path = MyAffirmationsTest;
			sourceTree = "<group>";
		};
		42CD8B532C5CB30D0031846D /* Preview Content */ = {
			isa = PBXGroup;
			children = (
				42CD8B542C5CB30D0031846D /* Preview Assets.xcassets */,
			);
			path = "Preview Content";
			sourceTree = "<group>";
		};
		42CD8B6D2C5CB47A0031846D /* Model */ = {
			isa = PBXGroup;
			children = (
				42CD8B6B2C5CB47A0031846D /* SettingsModel.swift */,
			);
			path = Model;
			sourceTree = "<group>";
		};
		42CD8B7B2C5CD7540031846D /* SegmentPicker */ = {
			isa = PBXGroup;
			children = (
				42CD8B792C5CD7540031846D /* SegmentPicker.Attribute.swift */,
				42CD8B7A2C5CD7540031846D /* SegmentPicker.swift */,
				42CD8B7E2C5CD9610031846D /* SegmentPickerRepresentable.swift */,
			);
			path = SegmentPicker;
			sourceTree = "<group>";
		};
		42ECC95F2C5E4F3500D30F1D /* Views */ = {
			isa = PBXGroup;
			children = (
				42CD8B5D2C5CB3720031846D /* OnboardingStageView.swift */,
				42CD8B5F2C5CB3CF0031846D /* CategoryView.swift */,
				42CD8B612C5CB3E90031846D /* ColorView.swift */,
				42CD8B632C5CB4050031846D /* GenderView.swift */,
			);
			path = Views;
			sourceTree = "<group>";
		};
		42ECC9692C5E5F0100D30F1D /* OnboardingScreen */ = {
			isa = PBXGroup;
			children = (
				42ECC95F2C5E4F3500D30F1D /* Views */,
				42CD8B6D2C5CB47A0031846D /* Model */,
			);
			path = OnboardingScreen;
			sourceTree = "<group>";
		};
		42ECC96A2C5E628D00D30F1D /* MainScreen */ = {
			isa = PBXGroup;
			children = (
				42ECC97C2C5FB0E100D30F1D /* Views */,
				42F23E342C5FB43F00F4FBE4 /* Model */,
				42F23E392C5FF87A00F4FBE4 /* ViewModel */,
			);
			path = MainScreen;
			sourceTree = "<group>";
		};
		42ECC9712C5E662E00D30F1D /* Services */ = {
			isa = PBXGroup;
			children = (
				42ECC9772C5E67F000D30F1D /* NetworkService.swift */,
			);
			path = Services;
			sourceTree = "<group>";
		};
		42ECC97C2C5FB0E100D30F1D /* Views */ = {
			isa = PBXGroup;
			children = (
				42CD8B5B2C5CB3480031846D /* MainView.swift */,
				42CD8B652C5CB4590031846D /* AffirmationsView.swift */,
			);
			path = Views;
			sourceTree = "<group>";
		};
		42ECC97D2C5FB13100D30F1D /* CustomComponents */ = {
			isa = PBXGroup;
			children = (
				42CD8B7B2C5CD7540031846D /* SegmentPicker */,
			);
			path = CustomComponents;
			sourceTree = "<group>";
		};
		42F23E342C5FB43F00F4FBE4 /* Model */ = {
			isa = PBXGroup;
			children = (
				42ECC9722C5E66DC00D30F1D /* AffirmationModel.swift */,
			);
			path = Model;
			sourceTree = "<group>";
		};
		42F23E392C5FF87A00F4FBE4 /* ViewModel */ = {
			isa = PBXGroup;
			children = (
				42F23E372C5FF58200F4FBE4 /* AffirmationsViewModel.swift */,
			);
			path = ViewModel;
			sourceTree = "<group>";
		};
		42F23E3C2C60A5D600F4FBE4 /* Localization */ = {
			isa = PBXGroup;
			children = (
				42F23E3A2C60A40100F4FBE4 /* Localizable.xcstrings */,
				42CD8B6C2C5CB47A0031846D /* Localization.swift */,
			);
			name = Localization;
			path = Services/Localization;
			sourceTree = "<group>";
		};
/* End PBXGroup section */

/* Begin PBXNativeTarget section */
		42CD8B492C5CB30B0031846D /* MyAffirmationsTest */ = {
			isa = PBXNativeTarget;
			buildConfigurationList = 42CD8B582C5CB30D0031846D /* Build configuration list for PBXNativeTarget "MyAffirmationsTest" */;
			buildPhases = (
				42CD8B462C5CB30B0031846D /* Sources */,
				42CD8B472C5CB30B0031846D /* Frameworks */,
				42CD8B482C5CB30B0031846D /* Resources */,
			);
			buildRules = (
			);
			dependencies = (
			);
			name = MyAffirmationsTest;
			productName = MyAffirmationsTest;
			productReference = 42CD8B4A2C5CB30B0031846D /* MyAffirmationsTest.app */;
			productType = "com.apple.product-type.application";
		};
/* End PBXNativeTarget section */

/* Begin PBXProject section */
		42CD8B422C5CB30B0031846D /* Project object */ = {
			isa = PBXProject;
			attributes = {
				BuildIndependentTargetsInParallel = 1;
				LastSwiftUpdateCheck = 1540;
				LastUpgradeCheck = 1540;
				TargetAttributes = {
					42CD8B492C5CB30B0031846D = {
						CreatedOnToolsVersion = 15.4;
					};
				};
			};
			buildConfigurationList = 42CD8B452C5CB30B0031846D /* Build configuration list for PBXProject "MyAffirmationsTest" */;
			compatibilityVersion = "Xcode 14.0";
			developmentRegion = en;
			hasScannedForEncodings = 0;
			knownRegions = (
				en,
				Base,
				ru,
			);
			mainGroup = 42CD8B412C5CB30B0031846D;
			productRefGroup = 42CD8B4B2C5CB30B0031846D /* Products */;
			projectDirPath = "";
			projectRoot = "";
			targets = (
				42CD8B492C5CB30B0031846D /* MyAffirmationsTest */,
			);
		};
/* End PBXProject section */

/* Begin PBXResourcesBuildPhase section */
		42CD8B482C5CB30B0031846D /* Resources */ = {
			isa = PBXResourcesBuildPhase;
			buildActionMask = 2147483647;
			files = (
				42F23E3B2C60A40100F4FBE4 /* Localizable.xcstrings in Resources */,
				42CD8B552C5CB30D0031846D /* Preview Assets.xcassets in Resources */,
				42CD8B522C5CB30D0031846D /* Assets.xcassets in Resources */,
			);
			runOnlyForDeploymentPostprocessing = 0;
		};
/* End PBXResourcesBuildPhase section */

/* Begin PBXSourcesBuildPhase section */
		42CD8B462C5CB30B0031846D /* Sources */ = {
			isa = PBXSourcesBuildPhase;
			buildActionMask = 2147483647;
			files = (
				42CD8B7F2C5CD9610031846D /* SegmentPickerRepresentable.swift in Sources */,
				42CD8B702C5CB47A0031846D /* SettingsModel.swift in Sources */,
				42CD8B622C5CB3E90031846D /* ColorView.swift in Sources */,
				42CD8B712C5CB47A0031846D /* Localization.swift in Sources */,
				42ECC9782C5E67F000D30F1D /* NetworkService.swift in Sources */,
				42CD8B5C2C5CB3480031846D /* MainView.swift in Sources */,
				42CD8B4E2C5CB30B0031846D /* MyAffirmationsTestApp.swift in Sources */,
				42CD8B5E2C5CB3720031846D /* OnboardingStageView.swift in Sources */,
				42CD8B642C5CB4050031846D /* GenderView.swift in Sources */,
				42CD8B7C2C5CD7540031846D /* SegmentPicker.Attribute.swift in Sources */,
				42CD8B662C5CB4590031846D /* AffirmationsView.swift in Sources */,
				42ECC9732C5E66DC00D30F1D /* AffirmationModel.swift in Sources */,
				42CD8B602C5CB3CF0031846D /* CategoryView.swift in Sources */,
				42CD8B7D2C5CD7540031846D /* SegmentPicker.swift in Sources */,
				42F23E382C5FF58200F4FBE4 /* AffirmationsViewModel.swift in Sources */,
			);
			runOnlyForDeploymentPostprocessing = 0;
		};
/* End PBXSourcesBuildPhase section */

/* Begin XCBuildConfiguration section */
		42CD8B562C5CB30D0031846D /* Debug */ = {
			isa = XCBuildConfiguration;
			buildSettings = {
				ALWAYS_SEARCH_USER_PATHS = NO;
				ASSETCATALOG_COMPILER_GENERATE_SWIFT_ASSET_SYMBOL_EXTENSIONS = YES;
				CLANG_ANALYZER_NONNULL = YES;
				CLANG_ANALYZER_NUMBER_OBJECT_CONVERSION = YES_AGGRESSIVE;
				CLANG_CXX_LANGUAGE_STANDARD = "gnu++20";
				CLANG_ENABLE_MODULES = YES;
				CLANG_ENABLE_OBJC_ARC = YES;
				CLANG_ENABLE_OBJC_WEAK = YES;
				CLANG_WARN_BLOCK_CAPTURE_AUTORELEASING = YES;
				CLANG_WARN_BOOL_CONVERSION = YES;
				CLANG_WARN_COMMA = YES;
				CLANG_WARN_CONSTANT_CONVERSION = YES;
				CLANG_WARN_DEPRECATED_OBJC_IMPLEMENTATIONS = YES;
				CLANG_WARN_DIRECT_OBJC_ISA_USAGE = YES_ERROR;
				CLANG_WARN_DOCUMENTATION_COMMENTS = YES;
				CLANG_WARN_EMPTY_BODY = YES;
				CLANG_WARN_ENUM_CONVERSION = YES;
				CLANG_WARN_INFINITE_RECURSION = YES;
				CLANG_WARN_INT_CONVERSION = YES;
				CLANG_WARN_NON_LITERAL_NULL_CONVERSION = YES;
				CLANG_WARN_OBJC_IMPLICIT_RETAIN_SELF = YES;
				CLANG_WARN_OBJC_LITERAL_CONVERSION = YES;
				CLANG_WARN_OBJC_ROOT_CLASS = YES_ERROR;
				CLANG_WARN_QUOTED_INCLUDE_IN_FRAMEWORK_HEADER = YES;
				CLANG_WARN_RANGE_LOOP_ANALYSIS = YES;
				CLANG_WARN_STRICT_PROTOTYPES = YES;
				CLANG_WARN_SUSPICIOUS_MOVE = YES;
				CLANG_WARN_UNGUARDED_AVAILABILITY = YES_AGGRESSIVE;
				CLANG_WARN_UNREACHABLE_CODE = YES;
				CLANG_WARN__DUPLICATE_METHOD_MATCH = YES;
				COPY_PHASE_STRIP = NO;
				DEBUG_INFORMATION_FORMAT = dwarf;
				ENABLE_STRICT_OBJC_MSGSEND = YES;
				ENABLE_TESTABILITY = YES;
				ENABLE_USER_SCRIPT_SANDBOXING = YES;
				GCC_C_LANGUAGE_STANDARD = gnu17;
				GCC_DYNAMIC_NO_PIC = NO;
				GCC_NO_COMMON_BLOCKS = YES;
				GCC_OPTIMIZATION_LEVEL = 0;
				GCC_PREPROCESSOR_DEFINITIONS = (
					"DEBUG=1",
					"$(inherited)",
				);
				GCC_WARN_64_TO_32_BIT_CONVERSION = YES;
				GCC_WARN_ABOUT_RETURN_TYPE = YES_ERROR;
				GCC_WARN_UNDECLARED_SELECTOR = YES;
				GCC_WARN_UNINITIALIZED_AUTOS = YES_AGGRESSIVE;
				GCC_WARN_UNUSED_FUNCTION = YES;
				GCC_WARN_UNUSED_VARIABLE = YES;
				IPHONEOS_DEPLOYMENT_TARGET = 17.5;
				LOCALIZATION_PREFERS_STRING_CATALOGS = YES;
				MTL_ENABLE_DEBUG_INFO = INCLUDE_SOURCE;
				MTL_FAST_MATH = YES;
				ONLY_ACTIVE_ARCH = YES;
				SDKROOT = iphoneos;
				SWIFT_ACTIVE_COMPILATION_CONDITIONS = "DEBUG $(inherited)";
				SWIFT_OPTIMIZATION_LEVEL = "-Onone";
			};
			name = Debug;
		};
		42CD8B572C5CB30D0031846D /* Release */ = {
			isa = XCBuildConfiguration;
			buildSettings = {
				ALWAYS_SEARCH_USER_PATHS = NO;
				ASSETCATALOG_COMPILER_GENERATE_SWIFT_ASSET_SYMBOL_EXTENSIONS = YES;
				CLANG_ANALYZER_NONNULL = YES;
				CLANG_ANALYZER_NUMBER_OBJECT_CONVERSION = YES_AGGRESSIVE;
				CLANG_CXX_LANGUAGE_STANDARD = "gnu++20";
				CLANG_ENABLE_MODULES = YES;
				CLANG_ENABLE_OBJC_ARC = YES;
				CLANG_ENABLE_OBJC_WEAK = YES;
				CLANG_WARN_BLOCK_CAPTURE_AUTORELEASING = YES;
				CLANG_WARN_BOOL_CONVERSION = YES;
				CLANG_WARN_COMMA = YES;
				CLANG_WARN_CONSTANT_CONVERSION = YES;
				CLANG_WARN_DEPRECATED_OBJC_IMPLEMENTATIONS = YES;
				CLANG_WARN_DIRECT_OBJC_ISA_USAGE = YES_ERROR;
				CLANG_WARN_DOCUMENTATION_COMMENTS = YES;
				CLANG_WARN_EMPTY_BODY = YES;
				CLANG_WARN_ENUM_CONVERSION = YES;
				CLANG_WARN_INFINITE_RECURSION = YES;
				CLANG_WARN_INT_CONVERSION = YES;
				CLANG_WARN_NON_LITERAL_NULL_CONVERSION = YES;
				CLANG_WARN_OBJC_IMPLICIT_RETAIN_SELF = YES;
				CLANG_WARN_OBJC_LITERAL_CONVERSION = YES;
				CLANG_WARN_OBJC_ROOT_CLASS = YES_ERROR;
				CLANG_WARN_QUOTED_INCLUDE_IN_FRAMEWORK_HEADER = YES;
				CLANG_WARN_RANGE_LOOP_ANALYSIS = YES;
				CLANG_WARN_STRICT_PROTOTYPES = YES;
				CLANG_WARN_SUSPICIOUS_MOVE = YES;
				CLANG_WARN_UNGUARDED_AVAILABILITY = YES_AGGRESSIVE;
				CLANG_WARN_UNREACHABLE_CODE = YES;
				CLANG_WARN__DUPLICATE_METHOD_MATCH = YES;
				COPY_PHASE_STRIP = NO;
				DEBUG_INFORMATION_FORMAT = "dwarf-with-dsym";
				ENABLE_NS_ASSERTIONS = NO;
				ENABLE_STRICT_OBJC_MSGSEND = YES;
				ENABLE_USER_SCRIPT_SANDBOXING = YES;
				GCC_C_LANGUAGE_STANDARD = gnu17;
				GCC_NO_COMMON_BLOCKS = YES;
				GCC_WARN_64_TO_32_BIT_CONVERSION = YES;
				GCC_WARN_ABOUT_RETURN_TYPE = YES_ERROR;
				GCC_WARN_UNDECLARED_SELECTOR = YES;
				GCC_WARN_UNINITIALIZED_AUTOS = YES_AGGRESSIVE;
				GCC_WARN_UNUSED_FUNCTION = YES;
				GCC_WARN_UNUSED_VARIABLE = YES;
				IPHONEOS_DEPLOYMENT_TARGET = 17.5;
				LOCALIZATION_PREFERS_STRING_CATALOGS = YES;
				MTL_ENABLE_DEBUG_INFO = NO;
				MTL_FAST_MATH = YES;
				SDKROOT = iphoneos;
				SWIFT_COMPILATION_MODE = wholemodule;
				VALIDATE_PRODUCT = YES;
			};
			name = Release;
		};
		42CD8B592C5CB30D0031846D /* Debug */ = {
			isa = XCBuildConfiguration;
			buildSettings = {
				ASSETCATALOG_COMPILER_APPICON_NAME = AppIcon;
				ASSETCATALOG_COMPILER_GLOBAL_ACCENT_COLOR_NAME = AccentColor;
				CODE_SIGN_STYLE = Automatic;
				CURRENT_PROJECT_VERSION = 1;
				DEVELOPMENT_ASSET_PATHS = "\"MyAffirmationsTest/Preview Content\"";
				DEVELOPMENT_TEAM = 5QQ4PX79VS;
				ENABLE_PREVIEWS = YES;
				GENERATE_INFOPLIST_FILE = YES;
				INFOPLIST_KEY_UIApplicationSceneManifest_Generation = YES;
				INFOPLIST_KEY_UIApplicationSupportsIndirectInputEvents = YES;
				INFOPLIST_KEY_UILaunchScreen_Generation = YES;
				INFOPLIST_KEY_UISupportedInterfaceOrientations = UIInterfaceOrientationPortrait;
				IPHONEOS_DEPLOYMENT_TARGET = 17.0;
				LD_RUNPATH_SEARCH_PATHS = (
					"$(inherited)",
					"@executable_path/Frameworks",
				);
				MARKETING_VERSION = 1.0;
				PRODUCT_BUNDLE_IDENTIFIER = Home.MyAffirmationsTest;
				PRODUCT_NAME = "$(TARGET_NAME)";
				SUPPORTED_PLATFORMS = "iphoneos iphonesimulator";
				SUPPORTS_MACCATALYST = NO;
				SUPPORTS_MAC_DESIGNED_FOR_IPHONE_IPAD = NO;
				SUPPORTS_XR_DESIGNED_FOR_IPHONE_IPAD = NO;
				SWIFT_EMIT_LOC_STRINGS = YES;
				SWIFT_VERSION = 5.0;
				TARGETED_DEVICE_FAMILY = "1,2";
			};
			name = Debug;
		};
		42CD8B5A2C5CB30D0031846D /* Release */ = {
			isa = XCBuildConfiguration;
			buildSettings = {
				ASSETCATALOG_COMPILER_APPICON_NAME = AppIcon;
				ASSETCATALOG_COMPILER_GLOBAL_ACCENT_COLOR_NAME = AccentColor;
				CODE_SIGN_STYLE = Automatic;
				CURRENT_PROJECT_VERSION = 1;
				DEVELOPMENT_ASSET_PATHS = "\"MyAffirmationsTest/Preview Content\"";
				DEVELOPMENT_TEAM = 5QQ4PX79VS;
				ENABLE_PREVIEWS = YES;
				GENERATE_INFOPLIST_FILE = YES;
				INFOPLIST_KEY_UIApplicationSceneManifest_Generation = YES;
				INFOPLIST_KEY_UIApplicationSupportsIndirectInputEvents = YES;
				INFOPLIST_KEY_UILaunchScreen_Generation = YES;
				INFOPLIST_KEY_UISupportedInterfaceOrientations = UIInterfaceOrientationPortrait;
				IPHONEOS_DEPLOYMENT_TARGET = 17.0;
				LD_RUNPATH_SEARCH_PATHS = (
					"$(inherited)",
					"@executable_path/Frameworks",
				);
				MARKETING_VERSION = 1.0;
				PRODUCT_BUNDLE_IDENTIFIER = Home.MyAffirmationsTest;
				PRODUCT_NAME = "$(TARGET_NAME)";
				SUPPORTED_PLATFORMS = "iphoneos iphonesimulator";
				SUPPORTS_MACCATALYST = NO;
				SUPPORTS_MAC_DESIGNED_FOR_IPHONE_IPAD = NO;
				SUPPORTS_XR_DESIGNED_FOR_IPHONE_IPAD = NO;
				SWIFT_EMIT_LOC_STRINGS = YES;
				SWIFT_VERSION = 5.0;
				TARGETED_DEVICE_FAMILY = "1,2";
			};
			name = Release;
		};
/* End XCBuildConfiguration section */

/* Begin XCConfigurationList section */
		42CD8B452C5CB30B0031846D /* Build configuration list for PBXProject "MyAffirmationsTest" */ = {
			isa = XCConfigurationList;
			buildConfigurations = (
				42CD8B562C5CB30D0031846D /* Debug */,
				42CD8B572C5CB30D0031846D /* Release */,
			);
			defaultConfigurationIsVisible = 0;
			defaultConfigurationName = Release;
		};
		42CD8B582C5CB30D0031846D /* Build configuration list for PBXNativeTarget "MyAffirmationsTest" */ = {
			isa = XCConfigurationList;
			buildConfigurations = (
				42CD8B592C5CB30D0031846D /* Debug */,
				42CD8B5A2C5CB30D0031846D /* Release */,
			);
			defaultConfigurationIsVisible = 0;
			defaultConfigurationName = Release;
		};
/* End XCConfigurationList section */
	};
	rootObject = 42CD8B422C5CB30B0031846D /* Project object */;
}
